
Microsoft Visual Studio Solution File, Format Version 12.00
# Visual Studio Version 17
VisualStudioVersion = 17.0.31903.59
MinimumVisualStudioVersion = 10.0.40219.1
Project("{2150E333-8FDC-42A3-9474-1A3956D46DE8}") = "src", "src", "{4EDB8DEA-DA6E-4A28-A2CE-D0DFD8961107}"
EndProject
Project("{FAE04EC0-301F-11D3-BF4B-00C04F79EFBC}") = "TesteXP.Infra", "src\TesteXP.Infra\TesteXP.Infra.csproj", "{E5D0B053-A805-4A5C-BE7C-F00B78894FB4}"
EndProject
Project("{FAE04EC0-301F-11D3-BF4B-00C04F79EFBC}") = "TesteXP.Usuarios.Application", "src\TesteXP.Usuarios.Application\TesteXP.Usuarios.Application.csproj", "{C2AF04C4-4EF4-474C-8D58-BAD5102E09E2}"
EndProject
Project("{FAE04EC0-301F-11D3-BF4B-00C04F79EFBC}") = "TesteXP.Api", "src\TesteXP.Api\TesteXP.Api.csproj", "{5F7BDF98-7104-413A-BEAE-D7225455C9F2}"
EndProject
Project("{FAE04EC0-301F-11D3-BF4B-00C04F79EFBC}") = "TesteXP.ProdutosFinanceiros.Application", "src\TesteXP.ProdutosFinanceiros.Application\TesteXP.ProdutosFinanceiros.Application.csproj", "{4733BE89-9D2D-4CB7-9AF0-51EE82D7C87F}"
EndProject
Project("{2150E333-8FDC-42A3-9474-1A3956D46DE8}") = "MainApp", "MainApp", "{B20B1136-392F-490A-8881-8BBD00222B30}"
EndProject
Project("{2150E333-8FDC-42A3-9474-1A3956D46DE8}") = "EmailApp", "EmailApp", "{9DE8593C-DA61-421A-88F8-B5B6460E8724}"
EndProject
Project("{FAE04EC0-301F-11D3-BF4B-00C04F79EFBC}") = "RW_Email.Api", "src\RW_Email.Api\RW_Email.Api.csproj", "{A212A993-303D-4D15-ADBD-7E061D637C2F}"
EndProject
Project("{FAE04EC0-301F-11D3-BF4B-00C04F79EFBC}") = "RW_Email.Application", "src\RW_Email.Application\RW_Email.Application.csproj", "{DDF89E99-CDF6-40F2-A709-947317FA6C8C}"
EndProject
Global
	GlobalSection(SolutionConfigurationPlatforms) = preSolution
		Debug|Any CPU = Debug|Any CPU
		Release|Any CPU = Release|Any CPU
	EndGlobalSection
	GlobalSection(SolutionProperties) = preSolution
		HideSolutionNode = FALSE
	EndGlobalSection
	GlobalSection(ProjectConfigurationPlatforms) = postSolution
		{E5D0B053-A805-4A5C-BE7C-F00B78894FB4}.Debug|Any CPU.ActiveCfg = Debug|Any CPU
		{E5D0B053-A805-4A5C-BE7C-F00B78894FB4}.Debug|Any CPU.Build.0 = Debug|Any CPU
		{E5D0B053-A805-4A5C-BE7C-F00B78894FB4}.Release|Any CPU.ActiveCfg = Release|Any CPU
		{E5D0B053-A805-4A5C-BE7C-F00B78894FB4}.Release|Any CPU.Build.0 = Release|Any CPU
		{C2AF04C4-4EF4-474C-8D58-BAD5102E09E2}.Debug|Any CPU.ActiveCfg = Debug|Any CPU
		{C2AF04C4-4EF4-474C-8D58-BAD5102E09E2}.Debug|Any CPU.Build.0 = Debug|Any CPU
		{C2AF04C4-4EF4-474C-8D58-BAD5102E09E2}.Release|Any CPU.ActiveCfg = Release|Any CPU
		{C2AF04C4-4EF4-474C-8D58-BAD5102E09E2}.Release|Any CPU.Build.0 = Release|Any CPU
		{5F7BDF98-7104-413A-BEAE-D7225455C9F2}.Debug|Any CPU.ActiveCfg = Debug|Any CPU
		{5F7BDF98-7104-413A-BEAE-D7225455C9F2}.Debug|Any CPU.Build.0 = Debug|Any CPU
		{5F7BDF98-7104-413A-BEAE-D7225455C9F2}.Release|Any CPU.ActiveCfg = Release|Any CPU
		{5F7BDF98-7104-413A-BEAE-D7225455C9F2}.Release|Any CPU.Build.0 = Release|Any CPU
		{4733BE89-9D2D-4CB7-9AF0-51EE82D7C87F}.Debug|Any CPU.ActiveCfg = Debug|Any CPU
		{4733BE89-9D2D-4CB7-9AF0-51EE82D7C87F}.Debug|Any CPU.Build.0 = Debug|Any CPU
		{4733BE89-9D2D-4CB7-9AF0-51EE82D7C87F}.Release|Any CPU.ActiveCfg = Release|Any CPU
		{4733BE89-9D2D-4CB7-9AF0-51EE82D7C87F}.Release|Any CPU.Build.0 = Release|Any CPU
		{A212A993-303D-4D15-ADBD-7E061D637C2F}.Debug|Any CPU.ActiveCfg = Debug|Any CPU
		{A212A993-303D-4D15-ADBD-7E061D637C2F}.Debug|Any CPU.Build.0 = Debug|Any CPU
		{A212A993-303D-4D15-ADBD-7E061D637C2F}.Release|Any CPU.ActiveCfg = Release|Any CPU
		{A212A993-303D-4D15-ADBD-7E061D637C2F}.Release|Any CPU.Build.0 = Release|Any CPU
		{DDF89E99-CDF6-40F2-A709-947317FA6C8C}.Debug|Any CPU.ActiveCfg = Debug|Any CPU
		{DDF89E99-CDF6-40F2-A709-947317FA6C8C}.Debug|Any CPU.Build.0 = Debug|Any CPU
		{DDF89E99-CDF6-40F2-A709-947317FA6C8C}.Release|Any CPU.ActiveCfg = Release|Any CPU
		{DDF89E99-CDF6-40F2-A709-947317FA6C8C}.Release|Any CPU.Build.0 = Release|Any CPU
	EndGlobalSection
	GlobalSection(NestedProjects) = preSolution
		{9DE8593C-DA61-421A-88F8-B5B6460E8724} = {4EDB8DEA-DA6E-4A28-A2CE-D0DFD8961107}
		{B20B1136-392F-490A-8881-8BBD00222B30} = {4EDB8DEA-DA6E-4A28-A2CE-D0DFD8961107}
		{E5D0B053-A805-4A5C-BE7C-F00B78894FB4} = {B20B1136-392F-490A-8881-8BBD00222B30}
		{C2AF04C4-4EF4-474C-8D58-BAD5102E09E2} = {B20B1136-392F-490A-8881-8BBD00222B30}
		{5F7BDF98-7104-413A-BEAE-D7225455C9F2} = {B20B1136-392F-490A-8881-8BBD00222B30}
		{4733BE89-9D2D-4CB7-9AF0-51EE82D7C87F} = {B20B1136-392F-490A-8881-8BBD00222B30}
		{A212A993-303D-4D15-ADBD-7E061D637C2F} = {9DE8593C-DA61-421A-88F8-B5B6460E8724}
		{DDF89E99-CDF6-40F2-A709-947317FA6C8C} = {9DE8593C-DA61-421A-88F8-B5B6460E8724}
	EndGlobalSection
EndGlobal
